
Microsoft Visual Studio Solution File, Format Version 12.00
# Visual Studio Version 16
VisualStudioVersion = 16.0.29709.97
MinimumVisualStudioVersion = 10.0.40219.1
Project("{FAE04EC0-301F-11D3-BF4B-00C04F79EFBC}") = "RationalNumbers", "RationalNumbers\RationalNumbers.csproj", "{CC14ECBB-D13F-472F-B207-2E61F2F05E6C}"
EndProject
Global
	GlobalSection(SolutionConfigurationPlatforms) = preSolution
		Debug|Any CPU = Debug|Any CPU
		Release|Any CPU = Release|Any CPU
	EndGlobalSection
	GlobalSection(ProjectConfigurationPlatforms) = postSolution
		{CC14ECBB-D13F-472F-B207-2E61F2F05E6C}.Debug|Any CPU.ActiveCfg = Debug|Any CPU
		{CC14ECBB-D13F-472F-B207-2E61F2F05E6C}.Debug|Any CPU.Build.0 = Debug|Any CPU
		{CC14ECBB-D13F-472F-B207-2E61F2F05E6C}.Release|Any CPU.ActiveCfg = Release|Any CPU
		{CC14ECBB-D13F-472F-B207-2E61F2F05E6C}.Release|Any CPU.Build.0 = Release|Any CPU
	EndGlobalSection
	GlobalSection(SolutionProperties) = preSolution
		HideSolutionNode = FALSE
	EndGlobalSection
	GlobalSection(ExtensibilityGlobals) = postSolution
		SolutionGuid = {0C0774E0-9696-4103-BBC5-7491EDECD640}
	EndGlobalSection
EndGlobal
